// !$*UTF8*$!
{
	archiveVersion = 1;
	classes = {
	};
	objectVersion = 50;
	objects = {

/* Begin PBXBuildFile section */
		A71B5B3A28D6EB43008C0413 /* AppDelegate.swift in Sources */ = {isa = PBXBuildFile; fileRef = A71B5B3928D6EB43008C0413 /* AppDelegate.swift */; };
		A71B5B3C28D6EB43008C0413 /* SceneDelegate.swift in Sources */ = {isa = PBXBuildFile; fileRef = A71B5B3B28D6EB43008C0413 /* SceneDelegate.swift */; };
		A71B5B3E28D6EB43008C0413 /* ViewController.swift in Sources */ = {isa = PBXBuildFile; fileRef = A71B5B3D28D6EB43008C0413 /* ViewController.swift */; };
		A71B5B4128D6EB43008C0413 /* Main.storyboard in Resources */ = {isa = PBXBuildFile; fileRef = A71B5B3F28D6EB43008C0413 /* Main.storyboard */; };
		A71B5B4328D6EB44008C0413 /* Assets.xcassets in Resources */ = {isa = PBXBuildFile; fileRef = A71B5B4228D6EB44008C0413 /* Assets.xcassets */; };
		A71B5B4628D6EB44008C0413 /* LaunchScreen.storyboard in Resources */ = {isa = PBXBuildFile; fileRef = A71B5B4428D6EB44008C0413 /* LaunchScreen.storyboard */; };
		A71B5B5128D6EB45008C0413 /* reHackwichTwoTests.swift in Sources */ = {isa = PBXBuildFile; fileRef = A71B5B5028D6EB45008C0413 /* reHackwichTwoTests.swift */; };
		A71B5B5C28D6EB45008C0413 /* reHackwichTwoUITests.swift in Sources */ = {isa = PBXBuildFile; fileRef = A71B5B5B28D6EB45008C0413 /* reHackwichTwoUITests.swift */; };
/* End PBXBuildFile section */

/* Begin PBXContainerItemProxy section */
		A71B5B4D28D6EB45008C0413 /* PBXContainerItemProxy */ = {
			isa = PBXContainerItemProxy;
			containerPortal = A71B5B2E28D6EB43008C0413 /* Project object */;
			proxyType = 1;
			remoteGlobalIDString = A71B5B3528D6EB43008C0413;
			remoteInfo = reHackwichTwo;
		};
		A71B5B5828D6EB45008C0413 /* PBXContainerItemProxy */ = {
			isa = PBXContainerItemProxy;
			containerPortal = A71B5B2E28D6EB43008C0413 /* Project object */;
			proxyType = 1;
			remoteGlobalIDString = A71B5B3528D6EB43008C0413;
			remoteInfo = reHackwichTwo;
		};
/* End PBXContainerItemProxy section */

/* Begin PBXFileReference section */
		A71B5B3628D6EB43008C0413 /* reHackwichTwo.app */ = {isa = PBXFileReference; explicitFileType = wrapper.application; includeInIndex = 0; path = reHackwichTwo.app; sourceTree = BUILT_PRODUCTS_DIR; };
		A71B5B3928D6EB43008C0413 /* AppDelegate.swift */ = {isa = PBXFileReference; lastKnownFileType = sourcecode.swift; path = AppDelegate.swift; sourceTree = "<group>"; };
		A71B5B3B28D6EB43008C0413 /* SceneDelegate.swift */ = {isa = PBXFileReference; lastKnownFileType = sourcecode.swift; path = SceneDelegate.swift; sourceTree = "<group>"; };
		A71B5B3D28D6EB43008C0413 /* ViewController.swift */ = {isa = PBXFileReference; lastKnownFileType = sourcecode.swift; path = ViewController.swift; sourceTree = "<group>"; };
		A71B5B4028D6EB43008C0413 /* Base */ = {isa = PBXFileReference; lastKnownFileType = file.storyboard; name = Base; path = Base.lproj/Main.storyboard; sourceTree = "<group>"; };
		A71B5B4228D6EB44008C0413 /* Assets.xcassets */ = {isa = PBXFileReference; lastKnownFileType = folder.assetcatalog; path = Assets.xcassets; sourceTree = "<group>"; };
		A71B5B4528D6EB44008C0413 /* Base */ = {isa = PBXFileReference; lastKnownFileType = file.storyboard; name = Base; path = Base.lproj/LaunchScreen.storyboard; sourceTree = "<group>"; };
		A71B5B4728D6EB44008C0413 /* Info.plist */ = {isa = PBXFileReference; lastKnownFileType = text.plist.xml; path = Info.plist; sourceTree = "<group>"; };
		A71B5B4C28D6EB45008C0413 /* reHackwichTwoTests.xctest */ = {isa = PBXFileReference; explicitFileType = wrapper.cfbundle; includeInIndex = 0; path = reHackwichTwoTests.xctest; sourceTree = BUILT_PRODUCTS_DIR; };
		A71B5B5028D6EB45008C0413 /* reHackwichTwoTests.swift */ = {isa = PBXFileReference; lastKnownFileType = sourcecode.swift; path = reHackwichTwoTests.swift; sourceTree = "<group>"; };
		A71B5B5228D6EB45008C0413 /* Info.plist */ = {isa = PBXFileReference; lastKnownFileType = text.plist.xml; path = Info.plist; sourceTree = "<group>"; };
		A71B5B5728D6EB45008C0413 /* reHackwichTwoUITests.xctest */ = {isa = PBXFileReference; explicitFileType = wrapper.cfbundle; includeInIndex = 0; path = reHackwichTwoUITests.xctest; sourceTree = BUILT_PRODUCTS_DIR; };
		A71B5B5B28D6EB45008C0413 /* reHackwichTwoUITests.swift */ = {isa = PBXFileReference; lastKnownFileType = sourcecode.swift; path = reHackwichTwoUITests.swift; sourceTree = "<group>"; };
		A71B5B5D28D6EB45008C0413 /* Info.plist */ = {isa = PBXFileReference; lastKnownFileType = text.plist.xml; path = Info.plist; sourceTree = "<group>"; };
/* End PBXFileReference section */

/* Begin PBXFrameworksBuildPhase section */
		A71B5B3328D6EB43008C0413 /* Frameworks */ = {
			isa = PBXFrameworksBuildPhase;
			buildActionMask = 2147483647;
			files = (
			);
			runOnlyForDeploymentPostprocessing = 0;
		};
		A71B5B4928D6EB45008C0413 /* Frameworks */ = {
			isa = PBXFrameworksBuildPhase;
			buildActionMask = 2147483647;
			files = (
			);
			runOnlyForDeploymentPostprocessing = 0;
		};
		A71B5B5428D6EB45008C0413 /* Frameworks */ = {
			isa = PBXFrameworksBuildPhase;
			buildActionMask = 2147483647;
			files = (
			);
			runOnlyForDeploymentPostprocessing = 0;
		};
/* End PBXFrameworksBuildPhase section */

/* Begin PBXGroup section */
		A71B5B2D28D6EB43008C0413 = {
			isa = PBXGroup;
			children = (
				A71B5B3828D6EB43008C0413 /* reHackwichTwo */,
				A71B5B4F28D6EB45008C0413 /* reHackwichTwoTests */,
				A71B5B5A28D6EB45008C0413 /* reHackwichTwoUITests */,
				A71B5B3728D6EB43008C0413 /* Products */,
			);
			sourceTree = "<group>";
		};
		A71B5B3728D6EB43008C0413 /* Products */ = {
			isa = PBXGroup;
			children = (
				A71B5B3628D6EB43008C0413 /* reHackwichTwo.app */,
				A71B5B4C28D6EB45008C0413 /* reHackwichTwoTests.xctest */,
				A71B5B5728D6EB45008C0413 /* reHackwichTwoUITests.xctest */,
			);
			name = Products;
			sourceTree = "<group>";
		};
		A71B5B3828D6EB43008C0413 /* reHackwichTwo */ = {
			isa = PBXGroup;
			children = (
				A71B5B3928D6EB43008C0413 /* AppDelegate.swift */,
				A71B5B3B28D6EB43008C0413 /* SceneDelegate.swift */,
				A71B5B3D28D6EB43008C0413 /* ViewController.swift */,
				A71B5B3F28D6EB43008C0413 /* Main.storyboard */,
				A71B5B4228D6EB44008C0413 /* Assets.xcassets */,
				A71B5B4428D6EB44008C0413 /* LaunchScreen.storyboard */,
				A71B5B4728D6EB44008C0413 /* Info.plist */,
			);
			path = reHackwichTwo;
			sourceTree = "<group>";
		};
		A71B5B4F28D6EB45008C0413 /* reHackwichTwoTests */ = {
			isa = PBXGroup;
			children = (
				A71B5B5028D6EB45008C0413 /* reHackwichTwoTests.swift */,
				A71B5B5228D6EB45008C0413 /* Info.plist */,
			);
			path = reHackwichTwoTests;
			sourceTree = "<group>";
		};
		A71B5B5A28D6EB45008C0413 /* reHackwichTwoUITests */ = {
			isa = PBXGroup;
			children = (
				A71B5B5B28D6EB45008C0413 /* reHackwichTwoUITests.swift */,
				A71B5B5D28D6EB45008C0413 /* Info.plist */,
			);
			path = reHackwichTwoUITests;
			sourceTree = "<group>";
		};
/* End PBXGroup section */

/* Begin PBXNativeTarget section */
		A71B5B3528D6EB43008C0413 /* reHackwichTwo */ = {
			isa = PBXNativeTarget;
			buildConfigurationList = A71B5B6028D6EB45008C0413 /* Build configuration list for PBXNativeTarget "reHackwichTwo" */;
			buildPhases = (
				A71B5B3228D6EB43008C0413 /* Sources */,
				A71B5B3328D6EB43008C0413 /* Frameworks */,
				A71B5B3428D6EB43008C0413 /* Resources */,
			);
			buildRules = (
			);
			dependencies = (
			);
			name = reHackwichTwo;
			productName = reHackwichTwo;
			productReference = A71B5B3628D6EB43008C0413 /* reHackwichTwo.app */;
			productType = "com.apple.product-type.application";
		};
		A71B5B4B28D6EB45008C0413 /* reHackwichTwoTests */ = {
			isa = PBXNativeTarget;
			buildConfigurationList = A71B5B6328D6EB45008C0413 /* Build configuration list for PBXNativeTarget "reHackwichTwoTests" */;
			buildPhases = (
				A71B5B4828D6EB45008C0413 /* Sources */,
				A71B5B4928D6EB45008C0413 /* Frameworks */,
				A71B5B4A28D6EB45008C0413 /* Resources */,
			);
			buildRules = (
			);
			dependencies = (
				A71B5B4E28D6EB45008C0413 /* PBXTargetDependency */,
			);
			name = reHackwichTwoTests;
			productName = reHackwichTwoTests;
			productReference = A71B5B4C28D6EB45008C0413 /* reHackwichTwoTests.xctest */;
			productType = "com.apple.product-type.bundle.unit-test";
		};
		A71B5B5628D6EB45008C0413 /* reHackwichTwoUITests */ = {
			isa = PBXNativeTarget;
			buildConfigurationList = A71B5B6628D6EB45008C0413 /* Build configuration list for PBXNativeTarget "reHackwichTwoUITests" */;
			buildPhases = (
				A71B5B5328D6EB45008C0413 /* Sources */,
				A71B5B5428D6EB45008C0413 /* Frameworks */,
				A71B5B5528D6EB45008C0413 /* Resources */,
			);
			buildRules = (
			);
			dependencies = (
				A71B5B5928D6EB45008C0413 /* PBXTargetDependency */,
			);
			name = reHackwichTwoUITests;
			productName = reHackwichTwoUITests;
			productReference = A71B5B5728D6EB45008C0413 /* reHackwichTwoUITests.xctest */;
			productType = "com.apple.product-type.bundle.ui-testing";
		};
/* End PBXNativeTarget section */

/* Begin PBXProject section */
		A71B5B2E28D6EB43008C0413 /* Project object */ = {
			isa = PBXProject;
			attributes = {
				LastSwiftUpdateCheck = 1130;
				LastUpgradeCheck = 1130;
				ORGANIZATIONNAME = "Mehran Hashemi";
				TargetAttributes = {
					A71B5B3528D6EB43008C0413 = {
						CreatedOnToolsVersion = 11.3.1;
					};
					A71B5B4B28D6EB45008C0413 = {
						CreatedOnToolsVersion = 11.3.1;
						TestTargetID = A71B5B3528D6EB43008C0413;
					};
					A71B5B5628D6EB45008C0413 = {
						CreatedOnToolsVersion = 11.3.1;
						TestTargetID = A71B5B3528D6EB43008C0413;
					};
				};
			};
			buildConfigurationList = A71B5B3128D6EB43008C0413 /* Build configuration list for PBXProject "reHackwichTwo" */;
			compatibilityVersion = "Xcode 9.3";
			developmentRegion = en;
			hasScannedForEncodings = 0;
			knownRegions = (
				en,
				Base,
			);
			mainGroup = A71B5B2D28D6EB43008C0413;
			productRefGroup = A71B5B3728D6EB43008C0413 /* Products */;
			projectDirPath = "";
			projectRoot = "";
			targets = (
				A71B5B3528D6EB43008C0413 /* reHackwichTwo */,
				A71B5B4B28D6EB45008C0413 /* reHackwichTwoTests */,
				A71B5B5628D6EB45008C0413 /* reHackwichTwoUITests */,
			);
		};
/* End PBXProject section */

/* Begin PBXResourcesBuildPhase section */
		A71B5B3428D6EB43008C0413 /* Resources */ = {
			isa = PBXResourcesBuildPhase;
			buildActionMask = 2147483647;
			files = (
				A71B5B4628D6EB44008C0413 /* LaunchScreen.storyboard in Resources */,
				A71B5B4328D6EB44008C0413 /* Assets.xcassets in Resources */,
				A71B5B4128D6EB43008C0413 /* Main.storyboard in Resources */,
			);
			runOnlyForDeploymentPostprocessing = 0;
		};
		A71B5B4A28D6EB45008C0413 /* Resources */ = {
			isa = PBXResourcesBuildPhase;
			buildActionMask = 2147483647;
			files = (
			);
			runOnlyForDeploymentPostprocessing = 0;
		};
		A71B5B5528D6EB45008C0413 /* Resources */ = {
			isa = PBXResourcesBuildPhase;
			buildActionMask = 2147483647;
			files = (
			);
			runOnlyForDeploymentPostprocessing = 0;
		};
/* End PBXResourcesBuildPhase section */

/* Begin PBXSourcesBuildPhase section */
		A71B5B3228D6EB43008C0413 /* Sources */ = {
			isa = PBXSourcesBuildPhase;
			buildActionMask = 2147483647;
			files = (
				A71B5B3E28D6EB43008C0413 /* ViewController.swift in Sources */,
				A71B5B3A28D6EB43008C0413 /* AppDelegate.swift in Sources */,
				A71B5B3C28D6EB43008C0413 /* SceneDelegate.swift in Sources */,
			);
			runOnlyForDeploymentPostprocessing = 0;
		};
		A71B5B4828D6EB45008C0413 /* Sources */ = {
			isa = PBXSourcesBuildPhase;
			buildActionMask = 2147483647;
			files = (
				A71B5B5128D6EB45008C0413 /* reHackwichTwoTests.swift in Sources */,
			);
			runOnlyForDeploymentPostprocessing = 0;
		};
		A71B5B5328D6EB45008C0413 /* Sources */ = {
			isa = PBXSourcesBuildPhase;
			buildActionMask = 2147483647;
			files = (
				A71B5B5C28D6EB45008C0413 /* reHackwichTwoUITests.swift in Sources */,
			);
			runOnlyForDeploymentPostprocessing = 0;
		};
/* End PBXSourcesBuildPhase section */

/* Begin PBXTargetDependency section */
		A71B5B4E28D6EB45008C0413 /* PBXTargetDependency */ = {
			isa = PBXTargetDependency;
			target = A71B5B3528D6EB43008C0413 /* reHackwichTwo */;
			targetProxy = A71B5B4D28D6EB45008C0413 /* PBXContainerItemProxy */;
		};
		A71B5B5928D6EB45008C0413 /* PBXTargetDependency */ = {
			isa = PBXTargetDependency;
			target = A71B5B3528D6EB43008C0413 /* reHackwichTwo */;
			targetProxy = A71B5B5828D6EB45008C0413 /* PBXContainerItemProxy */;
		};
/* End PBXTargetDependency section */

/* Begin PBXVariantGroup section */
		A71B5B3F28D6EB43008C0413 /* Main.storyboard */ = {
			isa = PBXVariantGroup;
			children = (
				A71B5B4028D6EB43008C0413 /* Base */,
			);
			name = Main.storyboard;
			sourceTree = "<group>";
		};
		A71B5B4428D6EB44008C0413 /* LaunchScreen.storyboard */ = {
			isa = PBXVariantGroup;
			children = (
				A71B5B4528D6EB44008C0413 /* Base */,
			);
			name = LaunchScreen.storyboard;
			sourceTree = "<group>";
		};
/* End PBXVariantGroup section */

/* Begin XCBuildConfiguration section */
		A71B5B5E28D6EB45008C0413 /* Debug */ = {
			isa = XCBuildConfiguration;
			buildSettings = {
				ALWAYS_SEARCH_USER_PATHS = NO;
				CLANG_ANALYZER_NONNULL = YES;
				CLANG_ANALYZER_NUMBER_OBJECT_CONVERSION = YES_AGGRESSIVE;
				CLANG_CXX_LANGUAGE_STANDARD = "gnu++14";
				CLANG_CXX_LIBRARY = "libc++";
				CLANG_ENABLE_MODULES = YES;
				CLANG_ENABLE_OBJC_ARC = YES;
				CLANG_ENABLE_OBJC_WEAK = YES;
				CLANG_WARN_BLOCK_CAPTURE_AUTORELEASING = YES;
				CLANG_WARN_BOOL_CONVERSION = YES;
				CLANG_WARN_COMMA = YES;
				CLANG_WARN_CONSTANT_CONVERSION = YES;
				CLANG_WARN_DEPRECATED_OBJC_IMPLEMENTATIONS = YES;
				CLANG_WARN_DIRECT_OBJC_ISA_USAGE = YES_ERROR;
				CLANG_WARN_DOCUMENTATION_COMMENTS = YES;
				CLANG_WARN_EMPTY_BODY = YES;
				CLANG_WARN_ENUM_CONVERSION = YES;
				CLANG_WARN_INFINITE_RECURSION = YES;
				CLANG_WARN_INT_CONVERSION = YES;
				CLANG_WARN_NON_LITERAL_NULL_CONVERSION = YES;
				CLANG_WARN_OBJC_IMPLICIT_RETAIN_SELF = YES;
				CLANG_WARN_OBJC_LITERAL_CONVERSION = YES;
				CLANG_WARN_OBJC_ROOT_CLASS = YES_ERROR;
				CLANG_WARN_RANGE_LOOP_ANALYSIS = YES;
				CLANG_WARN_STRICT_PROTOTYPES = YES;
				CLANG_WARN_SUSPICIOUS_MOVE = YES;
				CLANG_WARN_UNGUARDED_AVAILABILITY = YES_AGGRESSIVE;
				CLANG_WARN_UNREACHABLE_CODE = YES;
				CLANG_WARN__DUPLICATE_METHOD_MATCH = YES;
				COPY_PHASE_STRIP = NO;
				DEBUG_INFORMATION_FORMAT = dwarf;
				ENABLE_STRICT_OBJC_MSGSEND = YES;
				ENABLE_TESTABILITY = YES;
				GCC_C_LANGUAGE_STANDARD = gnu11;
				GCC_DYNAMIC_NO_PIC = NO;
				GCC_NO_COMMON_BLOCKS = YES;
				GCC_OPTIMIZATION_LEVEL = 0;
				GCC_PREPROCESSOR_DEFINITIONS = (
					"DEBUG=1",
					"$(inherited)",
				);
				GCC_WARN_64_TO_32_BIT_CONVERSION = YES;
				GCC_WARN_ABOUT_RETURN_TYPE = YES_ERROR;
				GCC_WARN_UNDECLARED_SELECTOR = YES;
				GCC_WARN_UNINITIALIZED_AUTOS = YES_AGGRESSIVE;
				GCC_WARN_UNUSED_FUNCTION = YES;
				GCC_WARN_UNUSED_VARIABLE = YES;
				IPHONEOS_DEPLOYMENT_TARGET = 13.2;
				MTL_ENABLE_DEBUG_INFO = INCLUDE_SOURCE;
				MTL_FAST_MATH = YES;
				ONLY_ACTIVE_ARCH = YES;
				SDKROOT = iphoneos;
				SWIFT_ACTIVE_COMPILATION_CONDITIONS = DEBUG;
				SWIFT_OPTIMIZATION_LEVEL = "-Onone";
			};
			name = Debug;
		};
		A71B5B5F28D6EB45008C0413 /* Release */ = {
			isa = XCBuildConfiguration;
			buildSettings = {
				ALWAYS_SEARCH_USER_PATHS = NO;
				CLANG_ANALYZER_NONNULL = YES;
				CLANG_ANALYZER_NUMBER_OBJECT_CONVERSION = YES_AGGRESSIVE;
				CLANG_CXX_LANGUAGE_STANDARD = "gnu++14";
				CLANG_CXX_LIBRARY = "libc++";
				CLANG_ENABLE_MODULES = YES;
				CLANG_ENABLE_OBJC_ARC = YES;
				CLANG_ENABLE_OBJC_WEAK = YES;
				CLANG_WARN_BLOCK_CAPTURE_AUTORELEASING = YES;
				CLANG_WARN_BOOL_CONVERSION = YES;
				CLANG_WARN_COMMA = YES;
				CLANG_WARN_CONSTANT_CONVERSION = YES;
				CLANG_WARN_DEPRECATED_OBJC_IMPLEMENTATIONS = YES;
				CLANG_WARN_DIRECT_OBJC_ISA_USAGE = YES_ERROR;
				CLANG_WARN_DOCUMENTATION_COMMENTS = YES;
				CLANG_WARN_EMPTY_BODY = YES;
				CLANG_WARN_ENUM_CONVERSION = YES;
				CLANG_WARN_INFINITE_RECURSION = YES;
				CLANG_WARN_INT_CONVERSION = YES;
				CLANG_WARN_NON_LITERAL_NULL_CONVERSION = YES;
				CLANG_WARN_OBJC_IMPLICIT_RETAIN_SELF = YES;
				CLANG_WARN_OBJC_LITERAL_CONVERSION = YES;
				CLANG_WARN_OBJC_ROOT_CLASS = YES_ERROR;
				CLANG_WARN_RANGE_LOOP_ANALYSIS = YES;
				CLANG_WARN_STRICT_PROTOTYPES = YES;
				CLANG_WARN_SUSPICIOUS_MOVE = YES;
				CLANG_WARN_UNGUARDED_AVAILABILITY = YES_AGGRESSIVE;
				CLANG_WARN_UNREACHABLE_CODE = YES;
				CLANG_WARN__DUPLICATE_METHOD_MATCH = YES;
				COPY_PHASE_STRIP = NO;
				DEBUG_INFORMATION_FORMAT = "dwarf-with-dsym";
				ENABLE_NS_ASSERTIONS = NO;
				ENABLE_STRICT_OBJC_MSGSEND = YES;
				GCC_C_LANGUAGE_STANDARD = gnu11;
				GCC_NO_COMMON_BLOCKS = YES;
				GCC_WARN_64_TO_32_BIT_CONVERSION = YES;
				GCC_WARN_ABOUT_RETURN_TYPE = YES_ERROR;
				GCC_WARN_UNDECLARED_SELECTOR = YES;
				GCC_WARN_UNINITIALIZED_AUTOS = YES_AGGRESSIVE;
				GCC_WARN_UNUSED_FUNCTION = YES;
				GCC_WARN_UNUSED_VARIABLE = YES;
				IPHONEOS_DEPLOYMENT_TARGET = 13.2;
				MTL_ENABLE_DEBUG_INFO = NO;
				MTL_FAST_MATH = YES;
				SDKROOT = iphoneos;
				SWIFT_COMPILATION_MODE = wholemodule;
				SWIFT_OPTIMIZATION_LEVEL = "-O";
				VALIDATE_PRODUCT = YES;
			};
			name = Release;
		};
		A71B5B6128D6EB45008C0413 /* Debug */ = {
			isa = XCBuildConfiguration;
			buildSettings = {
				ASSETCATALOG_COMPILER_APPICON_NAME = AppIcon;
				CODE_SIGN_STYLE = Automatic;
				DEVELOPMENT_TEAM = MK6MNCMSLW;
				INFOPLIST_FILE = reHackwichTwo/Info.plist;
				LD_RUNPATH_SEARCH_PATHS = (
					"$(inherited)",
					"@executable_path/Frameworks",
				);
				PRODUCT_BUNDLE_IDENTIFIER = UHWO.reHackwichTwo;
				PRODUCT_NAME = "$(TARGET_NAME)";
				SWIFT_VERSION = 5.0;
				TARGETED_DEVICE_FAMILY = "1,2";
			};
			name = Debug;
		};
		A71B5B6228D6EB45008C0413 /* Release */ = {
			isa = XCBuildConfiguration;
			buildSettings = {
				ASSETCATALOG_COMPILER_APPICON_NAME = AppIcon;
				CODE_SIGN_STYLE = Automatic;
				DEVELOPMENT_TEAM = MK6MNCMSLW;
				INFOPLIST_FILE = reHackwichTwo/Info.plist;
				LD_RUNPATH_SEARCH_PATHS = (
					"$(inherited)",
					"@executable_path/Frameworks",
				);
				PRODUCT_BUNDLE_IDENTIFIER = UHWO.reHackwichTwo;
				PRODUCT_NAME = "$(TARGET_NAME)";
				SWIFT_VERSION = 5.0;
				TARGETED_DEVICE_FAMILY = "1,2";
			};
			name = Release;
		};
		A71B5B6428D6EB45008C0413 /* Debug */ = {
			isa = XCBuildConfiguration;
			buildSettings = {
				ALWAYS_EMBED_SWIFT_STANDARD_LIBRARIES = YES;
				BUNDLE_LOADER = "$(TEST_HOST)";
				CODE_SIGN_STYLE = Automatic;
				DEVELOPMENT_TEAM = MK6MNCMSLW;
				INFOPLIST_FILE = reHackwichTwoTests/Info.plist;
				IPHONEOS_DEPLOYMENT_TARGET = 13.2;
				LD_RUNPATH_SEARCH_PATHS = (
					"$(inherited)",
					"@executable_path/Frameworks",
					"@loader_path/Frameworks",
				);
				PRODUCT_BUNDLE_IDENTIFIER = UHWO.reHackwichTwoTests;
				PRODUCT_NAME = "$(TARGET_NAME)";
				SWIFT_VERSION = 5.0;
				TARGETED_DEVICE_FAMILY = "1,2";
				TEST_HOST = "$(BUILT_PRODUCTS_DIR)/reHackwichTwo.app/reHackwichTwo";
			};
			name = Debug;
		};
		A71B5B6528D6EB45008C0413 /* Release */ = {
			isa = XCBuildConfiguration;
			buildSettings = {
				ALWAYS_EMBED_SWIFT_STANDARD_LIBRARIES = YES;
				BUNDLE_LOADER = "$(TEST_HOST)";
				CODE_SIGN_STYLE = Automatic;
				DEVELOPMENT_TEAM = MK6MNCMSLW;
				INFOPLIST_FILE = reHackwichTwoTests/Info.plist;
				IPHONEOS_DEPLOYMENT_TARGET = 13.2;
				LD_RUNPATH_SEARCH_PATHS = (
					"$(inherited)",
					"@executable_path/Frameworks",
					"@loader_path/Frameworks",
				);
				PRODUCT_BUNDLE_IDENTIFIER = UHWO.reHackwichTwoTests;
				PRODUCT_NAME = "$(TARGET_NAME)";
				SWIFT_VERSION = 5.0;
				TARGETED_DEVICE_FAMILY = "1,2";
				TEST_HOST = "$(BUILT_PRODUCTS_DIR)/reHackwichTwo.app/reHackwichTwo";
			};
			name = Release;
		};
		A71B5B6728D6EB45008C0413 /* Debug */ = {
			isa = XCBuildConfiguration;
			buildSettings = {
				ALWAYS_EMBED_SWIFT_STANDARD_LIBRARIES = YES;
				CODE_SIGN_STYLE = Automatic;
				DEVELOPMENT_TEAM = MK6MNCMSLW;
				INFOPLIST_FILE = reHackwichTwoUITests/Info.plist;
				LD_RUNPATH_SEARCH_PATHS = (
					"$(inherited)",
					"@executable_path/Frameworks",
					"@loader_path/Frameworks",
				);
				PRODUCT_BUNDLE_IDENTIFIER = UHWO.reHackwichTwoUITests;
				PRODUCT_NAME = "$(TARGET_NAME)";
				SWIFT_VERSION = 5.0;
				TARGETED_DEVICE_FAMILY = "1,2";
				TEST_TARGET_NAME = reHackwichTwo;
			};
			name = Debug;
		};
		A71B5B6828D6EB45008C0413 /* Release */ = {
			isa = XCBuildConfiguration;
			buildSettings = {
				ALWAYS_EMBED_SWIFT_STANDARD_LIBRARIES = YES;
				CODE_SIGN_STYLE = Automatic;
				DEVELOPMENT_TEAM = MK6MNCMSLW;
				INFOPLIST_FILE = reHackwichTwoUITests/Info.plist;
				LD_RUNPATH_SEARCH_PATHS = (
					"$(inherited)",
					"@executable_path/Frameworks",
					"@loader_path/Frameworks",
				);
				PRODUCT_BUNDLE_IDENTIFIER = UHWO.reHackwichTwoUITests;
				PRODUCT_NAME = "$(TARGET_NAME)";
				SWIFT_VERSION = 5.0;
				TARGETED_DEVICE_FAMILY = "1,2";
				TEST_TARGET_NAME = reHackwichTwo;
			};
			name = Release;
		};
/* End XCBuildConfiguration section */

/* Begin XCConfigurationList section */
		A71B5B3128D6EB43008C0413 /* Build configuration list for PBXProject "reHackwichTwo" */ = {
			isa = XCConfigurationList;
			buildConfigurations = (
				A71B5B5E28D6EB45008C0413 /* Debug */,
				A71B5B5F28D6EB45008C0413 /* Release */,
			);
			defaultConfigurationIsVisible = 0;
			defaultConfigurationName = Release;
		};
		A71B5B6028D6EB45008C0413 /* Build configuration list for PBXNativeTarget "reHackwichTwo" */ = {
			isa = XCConfigurationList;
			buildConfigurations = (
				A71B5B6128D6EB45008C0413 /* Debug */,
				A71B5B6228D6EB45008C0413 /* Release */,
			);
			defaultConfigurationIsVisible = 0;
			defaultConfigurationName = Release;
		};
		A71B5B6328D6EB45008C0413 /* Build configuration list for PBXNativeTarget "reHackwichTwoTests" */ = {
			isa = XCConfigurationList;
			buildConfigurations = (
				A71B5B6428D6EB45008C0413 /* Debug */,
				A71B5B6528D6EB45008C0413 /* Release */,
			);
			defaultConfigurationIsVisible = 0;
			defaultConfigurationName = Release;
		};
		A71B5B6628D6EB45008C0413 /* Build configuration list for PBXNativeTarget "reHackwichTwoUITests" */ = {
			isa = XCConfigurationList;
			buildConfigurations = (
				A71B5B6728D6EB45008C0413 /* Debug */,
				A71B5B6828D6EB45008C0413 /* Release */,
			);
			defaultConfigurationIsVisible = 0;
			defaultConfigurationName = Release;
		};
/* End XCConfigurationList section */
	};
	rootObject = A71B5B2E28D6EB43008C0413 /* Project object */;
}
